// !$*UTF8*$!
{
	archiveVersion = 1;
	classes = {
	};
	objectVersion = 56;
	objects = {

/* Begin PBXBuildFile section */
		53B8ECE429A6405700D06C16 /* AppDelegate.swift in Sources */ = {isa = PBXBuildFile; fileRef = 53B8ECE329A6405700D06C16 /* AppDelegate.swift */; };
		53B8ECE629A6405700D06C16 /* SceneDelegate.swift in Sources */ = {isa = PBXBuildFile; fileRef = 53B8ECE529A6405700D06C16 /* SceneDelegate.swift */; };
		53B8ECE829A6405700D06C16 /* ViewController.swift in Sources */ = {isa = PBXBuildFile; fileRef = 53B8ECE729A6405700D06C16 /* ViewController.swift */; };
		53B8ECEB29A6405700D06C16 /* Main.storyboard in Resources */ = {isa = PBXBuildFile; fileRef = 53B8ECE929A6405700D06C16 /* Main.storyboard */; };
		53B8ECED29A6405700D06C16 /* Assets.xcassets in Resources */ = {isa = PBXBuildFile; fileRef = 53B8ECEC29A6405700D06C16 /* Assets.xcassets */; };
		53B8ECF029A6405700D06C16 /* LaunchScreen.storyboard in Resources */ = {isa = PBXBuildFile; fileRef = 53B8ECEE29A6405700D06C16 /* LaunchScreen.storyboard */; };
		53B8ECFB29A6405800D06C16 /* ToDoListAsselTests.swift in Sources */ = {isa = PBXBuildFile; fileRef = 53B8ECFA29A6405800D06C16 /* ToDoListAsselTests.swift */; };
		53B8ED0529A6405800D06C16 /* ToDoListAsselUITests.swift in Sources */ = {isa = PBXBuildFile; fileRef = 53B8ED0429A6405800D06C16 /* ToDoListAsselUITests.swift */; };
		53B8ED0729A6405800D06C16 /* ToDoListAsselUITestsLaunchTests.swift in Sources */ = {isa = PBXBuildFile; fileRef = 53B8ED0629A6405800D06C16 /* ToDoListAsselUITestsLaunchTests.swift */; };
		53B8ED1429A6427700D06C16 /* ToDoTableViewController.swift in Sources */ = {isa = PBXBuildFile; fileRef = 53B8ED1329A6427700D06C16 /* ToDoTableViewController.swift */; };
		53B8ED1629A6534000D06C16 /* ListTableViewCell.swift in Sources */ = {isa = PBXBuildFile; fileRef = 53B8ED1529A6534000D06C16 /* ListTableViewCell.swift */; };
/* End PBXBuildFile section */

/* Begin PBXContainerItemProxy section */
		53B8ECF729A6405800D06C16 /* PBXContainerItemProxy */ = {
			isa = PBXContainerItemProxy;
			containerPortal = 53B8ECD829A6405700D06C16 /* Project object */;
			proxyType = 1;
			remoteGlobalIDString = 53B8ECDF29A6405700D06C16;
			remoteInfo = ToDoListAssel;
		};
		53B8ED0129A6405800D06C16 /* PBXContainerItemProxy */ = {
			isa = PBXContainerItemProxy;
			containerPortal = 53B8ECD829A6405700D06C16 /* Project object */;
			proxyType = 1;
			remoteGlobalIDString = 53B8ECDF29A6405700D06C16;
			remoteInfo = ToDoListAssel;
		};
/* End PBXContainerItemProxy section */

/* Begin PBXFileReference section */
		53B8ECE029A6405700D06C16 /* ToDoListAssel.app */ = {isa = PBXFileReference; explicitFileType = wrapper.application; includeInIndex = 0; path = ToDoListAssel.app; sourceTree = BUILT_PRODUCTS_DIR; };
		53B8ECE329A6405700D06C16 /* AppDelegate.swift */ = {isa = PBXFileReference; lastKnownFileType = sourcecode.swift; path = AppDelegate.swift; sourceTree = "<group>"; };
		53B8ECE529A6405700D06C16 /* SceneDelegate.swift */ = {isa = PBXFileReference; lastKnownFileType = sourcecode.swift; path = SceneDelegate.swift; sourceTree = "<group>"; };
		53B8ECE729A6405700D06C16 /* ViewController.swift */ = {isa = PBXFileReference; lastKnownFileType = sourcecode.swift; path = ViewController.swift; sourceTree = "<group>"; };
		53B8ECEA29A6405700D06C16 /* Base */ = {isa = PBXFileReference; lastKnownFileType = file.storyboard; name = Base; path = Base.lproj/Main.storyboard; sourceTree = "<group>"; };
		53B8ECEC29A6405700D06C16 /* Assets.xcassets */ = {isa = PBXFileReference; lastKnownFileType = folder.assetcatalog; path = Assets.xcassets; sourceTree = "<group>"; };
		53B8ECEF29A6405700D06C16 /* Base */ = {isa = PBXFileReference; lastKnownFileType = file.storyboard; name = Base; path = Base.lproj/LaunchScreen.storyboard; sourceTree = "<group>"; };
		53B8ECF129A6405700D06C16 /* Info.plist */ = {isa = PBXFileReference; lastKnownFileType = text.plist.xml; path = Info.plist; sourceTree = "<group>"; };
		53B8ECF629A6405800D06C16 /* ToDoListAsselTests.xctest */ = {isa = PBXFileReference; explicitFileType = wrapper.cfbundle; includeInIndex = 0; path = ToDoListAsselTests.xctest; sourceTree = BUILT_PRODUCTS_DIR; };
		53B8ECFA29A6405800D06C16 /* ToDoListAsselTests.swift */ = {isa = PBXFileReference; lastKnownFileType = sourcecode.swift; path = ToDoListAsselTests.swift; sourceTree = "<group>"; };
		53B8ED0029A6405800D06C16 /* ToDoListAsselUITests.xctest */ = {isa = PBXFileReference; explicitFileType = wrapper.cfbundle; includeInIndex = 0; path = ToDoListAsselUITests.xctest; sourceTree = BUILT_PRODUCTS_DIR; };
		53B8ED0429A6405800D06C16 /* ToDoListAsselUITests.swift */ = {isa = PBXFileReference; lastKnownFileType = sourcecode.swift; path = ToDoListAsselUITests.swift; sourceTree = "<group>"; };
		53B8ED0629A6405800D06C16 /* ToDoListAsselUITestsLaunchTests.swift */ = {isa = PBXFileReference; lastKnownFileType = sourcecode.swift; path = ToDoListAsselUITestsLaunchTests.swift; sourceTree = "<group>"; };
		53B8ED1329A6427700D06C16 /* ToDoTableViewController.swift */ = {isa = PBXFileReference; lastKnownFileType = sourcecode.swift; path = ToDoTableViewController.swift; sourceTree = "<group>"; };
		53B8ED1529A6534000D06C16 /* ListTableViewCell.swift */ = {isa = PBXFileReference; lastKnownFileType = sourcecode.swift; path = ListTableViewCell.swift; sourceTree = "<group>"; };
/* End PBXFileReference section */

/* Begin PBXFrameworksBuildPhase section */
		53B8ECDD29A6405700D06C16 /* Frameworks */ = {
			isa = PBXFrameworksBuildPhase;
			buildActionMask = 2147483647;
			files = (
			);
			runOnlyForDeploymentPostprocessing = 0;
		};
		53B8ECF329A6405800D06C16 /* Frameworks */ = {
			isa = PBXFrameworksBuildPhase;
			buildActionMask = 2147483647;
			files = (
			);
			runOnlyForDeploymentPostprocessing = 0;
		};
		53B8ECFD29A6405800D06C16 /* Frameworks */ = {
			isa = PBXFrameworksBuildPhase;
			buildActionMask = 2147483647;
			files = (
			);
			runOnlyForDeploymentPostprocessing = 0;
		};
/* End PBXFrameworksBuildPhase section */

/* Begin PBXGroup section */
		53B8ECD729A6405700D06C16 = {
			isa = PBXGroup;
			children = (
				53B8ECE229A6405700D06C16 /* ToDoListAssel */,
				53B8ECF929A6405800D06C16 /* ToDoListAsselTests */,
				53B8ED0329A6405800D06C16 /* ToDoListAsselUITests */,
				53B8ECE129A6405700D06C16 /* Products */,
			);
			sourceTree = "<group>";
		};
		53B8ECE129A6405700D06C16 /* Products */ = {
			isa = PBXGroup;
			children = (
				53B8ECE029A6405700D06C16 /* ToDoListAssel.app */,
				53B8ECF629A6405800D06C16 /* ToDoListAsselTests.xctest */,
				53B8ED0029A6405800D06C16 /* ToDoListAsselUITests.xctest */,
			);
			name = Products;
			sourceTree = "<group>";
		};
		53B8ECE229A6405700D06C16 /* ToDoListAssel */ = {
			isa = PBXGroup;
			children = (
				53B8ECE329A6405700D06C16 /* AppDelegate.swift */,
				53B8ECE529A6405700D06C16 /* SceneDelegate.swift */,
				53B8ECE729A6405700D06C16 /* ViewController.swift */,
				53B8ED1329A6427700D06C16 /* ToDoTableViewController.swift */,
				53B8ECE929A6405700D06C16 /* Main.storyboard */,
				53B8ED1529A6534000D06C16 /* ListTableViewCell.swift */,
				53B8ECEC29A6405700D06C16 /* Assets.xcassets */,
				53B8ECEE29A6405700D06C16 /* LaunchScreen.storyboard */,
				53B8ECF129A6405700D06C16 /* Info.plist */,
			);
			path = ToDoListAssel;
			sourceTree = "<group>";
		};
		53B8ECF929A6405800D06C16 /* ToDoListAsselTests */ = {
			isa = PBXGroup;
			children = (
				53B8ECFA29A6405800D06C16 /* ToDoListAsselTests.swift */,
			);
			path = ToDoListAsselTests;
			sourceTree = "<group>";
		};
		53B8ED0329A6405800D06C16 /* ToDoListAsselUITests */ = {
			isa = PBXGroup;
			children = (
				53B8ED0429A6405800D06C16 /* ToDoListAsselUITests.swift */,
				53B8ED0629A6405800D06C16 /* ToDoListAsselUITestsLaunchTests.swift */,
			);
			path = ToDoListAsselUITests;
			sourceTree = "<group>";
		};
/* End PBXGroup section */

/* Begin PBXNativeTarget section */
		53B8ECDF29A6405700D06C16 /* ToDoListAssel */ = {
			isa = PBXNativeTarget;
			buildConfigurationList = 53B8ED0A29A6405800D06C16 /* Build configuration list for PBXNativeTarget "ToDoListAssel" */;
			buildPhases = (
				53B8ECDC29A6405700D06C16 /* Sources */,
				53B8ECDD29A6405700D06C16 /* Frameworks */,
				53B8ECDE29A6405700D06C16 /* Resources */,
			);
			buildRules = (
			);
			dependencies = (
			);
			name = ToDoListAssel;
			productName = ToDoListAssel;
			productReference = 53B8ECE029A6405700D06C16 /* ToDoListAssel.app */;
			productType = "com.apple.product-type.application";
		};
		53B8ECF529A6405800D06C16 /* ToDoListAsselTests */ = {
			isa = PBXNativeTarget;
			buildConfigurationList = 53B8ED0D29A6405800D06C16 /* Build configuration list for PBXNativeTarget "ToDoListAsselTests" */;
			buildPhases = (
				53B8ECF229A6405800D06C16 /* Sources */,
				53B8ECF329A6405800D06C16 /* Frameworks */,
				53B8ECF429A6405800D06C16 /* Resources */,
			);
			buildRules = (
			);
			dependencies = (
				53B8ECF829A6405800D06C16 /* PBXTargetDependency */,
			);
			name = ToDoListAsselTests;
			productName = ToDoListAsselTests;
			productReference = 53B8ECF629A6405800D06C16 /* ToDoListAsselTests.xctest */;
			productType = "com.apple.product-type.bundle.unit-test";
		};
		53B8ECFF29A6405800D06C16 /* ToDoListAsselUITests */ = {
			isa = PBXNativeTarget;
			buildConfigurationList = 53B8ED1029A6405800D06C16 /* Build configuration list for PBXNativeTarget "ToDoListAsselUITests" */;
			buildPhases = (
				53B8ECFC29A6405800D06C16 /* Sources */,
				53B8ECFD29A6405800D06C16 /* Frameworks */,
				53B8ECFE29A6405800D06C16 /* Resources */,
			);
			buildRules = (
			);
			dependencies = (
				53B8ED0229A6405800D06C16 /* PBXTargetDependency */,
			);
			name = ToDoListAsselUITests;
			productName = ToDoListAsselUITests;
			productReference = 53B8ED0029A6405800D06C16 /* ToDoListAsselUITests.xctest */;
			productType = "com.apple.product-type.bundle.ui-testing";
		};
/* End PBXNativeTarget section */

/* Begin PBXProject section */
		53B8ECD829A6405700D06C16 /* Project object */ = {
			isa = PBXProject;
			attributes = {
				BuildIndependentTargetsInParallel = 1;
				LastSwiftUpdateCheck = 1420;
				LastUpgradeCheck = 1420;
				TargetAttributes = {
					53B8ECDF29A6405700D06C16 = {
						CreatedOnToolsVersion = 14.2;
					};
					53B8ECF529A6405800D06C16 = {
						CreatedOnToolsVersion = 14.2;
						TestTargetID = 53B8ECDF29A6405700D06C16;
					};
					53B8ECFF29A6405800D06C16 = {
						CreatedOnToolsVersion = 14.2;
						TestTargetID = 53B8ECDF29A6405700D06C16;
					};
				};
			};
			buildConfigurationList = 53B8ECDB29A6405700D06C16 /* Build configuration list for PBXProject "ToDoListAssel" */;
			compatibilityVersion = "Xcode 14.0";
			developmentRegion = en;
			hasScannedForEncodings = 0;
			knownRegions = (
				en,
				Base,
			);
			mainGroup = 53B8ECD729A6405700D06C16;
			productRefGroup = 53B8ECE129A6405700D06C16 /* Products */;
			projectDirPath = "";
			projectRoot = "";
			targets = (
				53B8ECDF29A6405700D06C16 /* ToDoListAssel */,
				53B8ECF529A6405800D06C16 /* ToDoListAsselTests */,
				53B8ECFF29A6405800D06C16 /* ToDoListAsselUITests */,
			);
		};
/* End PBXProject section */

/* Begin PBXResourcesBuildPhase section */
		53B8ECDE29A6405700D06C16 /* Resources */ = {
			isa = PBXResourcesBuildPhase;
			buildActionMask = 2147483647;
			files = (
				53B8ECF029A6405700D06C16 /* LaunchScreen.storyboard in Resources */,
				53B8ECED29A6405700D06C16 /* Assets.xcassets in Resources */,
				53B8ECEB29A6405700D06C16 /* Main.storyboard in Resources */,
			);
			runOnlyForDeploymentPostprocessing = 0;
		};
		53B8ECF429A6405800D06C16 /* Resources */ = {
			isa = PBXResourcesBuildPhase;
			buildActionMask = 2147483647;
			files = (
			);
			runOnlyForDeploymentPostprocessing = 0;
		};
		53B8ECFE29A6405800D06C16 /* Resources */ = {
			isa = PBXResourcesBuildPhase;
			buildActionMask = 2147483647;
			files = (
			);
			runOnlyForDeploymentPostprocessing = 0;
		};
/* End PBXResourcesBuildPhase section */

/* Begin PBXSourcesBuildPhase section */
		53B8ECDC29A6405700D06C16 /* Sources */ = {
			isa = PBXSourcesBuildPhase;
			buildActionMask = 2147483647;
			files = (
				53B8ECE829A6405700D06C16 /* ViewController.swift in Sources */,
				53B8ED1429A6427700D06C16 /* ToDoTableViewController.swift in Sources */,
				53B8ECE429A6405700D06C16 /* AppDelegate.swift in Sources */,
				53B8ECE629A6405700D06C16 /* SceneDelegate.swift in Sources */,
				53B8ED1629A6534000D06C16 /* ListTableViewCell.swift in Sources */,
			);
			runOnlyForDeploymentPostprocessing = 0;
		};
		53B8ECF229A6405800D06C16 /* Sources */ = {
			isa = PBXSourcesBuildPhase;
			buildActionMask = 2147483647;
			files = (
				53B8ECFB29A6405800D06C16 /* ToDoListAsselTests.swift in Sources */,
			);
			runOnlyForDeploymentPostprocessing = 0;
		};
		53B8ECFC29A6405800D06C16 /* Sources */ = {
			isa = PBXSourcesBuildPhase;
			buildActionMask = 2147483647;
			files = (
				53B8ED0529A6405800D06C16 /* ToDoListAsselUITests.swift in Sources */,
				53B8ED0729A6405800D06C16 /* ToDoListAsselUITestsLaunchTests.swift in Sources */,
			);
			runOnlyForDeploymentPostprocessing = 0;
		};
/* End PBXSourcesBuildPhase section */

/* Begin PBXTargetDependency section */
		53B8ECF829A6405800D06C16 /* PBXTargetDependency */ = {
			isa = PBXTargetDependency;
			target = 53B8ECDF29A6405700D06C16 /* ToDoListAssel */;
			targetProxy = 53B8ECF729A6405800D06C16 /* PBXContainerItemProxy */;
		};
		53B8ED0229A6405800D06C16 /* PBXTargetDependency */ = {
			isa = PBXTargetDependency;
			target = 53B8ECDF29A6405700D06C16 /* ToDoListAssel */;
			targetProxy = 53B8ED0129A6405800D06C16 /* PBXContainerItemProxy */;
		};
/* End PBXTargetDependency section */

/* Begin PBXVariantGroup section */
		53B8ECE929A6405700D06C16 /* Main.storyboard */ = {
			isa = PBXVariantGroup;
			children = (
				53B8ECEA29A6405700D06C16 /* Base */,
			);
			name = Main.storyboard;
			sourceTree = "<group>";
		};
		53B8ECEE29A6405700D06C16 /* LaunchScreen.storyboard */ = {
			isa = PBXVariantGroup;
			children = (
				53B8ECEF29A6405700D06C16 /* Base */,
			);
			name = LaunchScreen.storyboard;
			sourceTree = "<group>";
		};
/* End PBXVariantGroup section */

/* Begin XCBuildConfiguration section */
		53B8ED0829A6405800D06C16 /* Debug */ = {
			isa = XCBuildConfiguration;
			buildSettings = {
				ALWAYS_SEARCH_USER_PATHS = NO;
				CLANG_ANALYZER_NONNULL = YES;
				CLANG_ANALYZER_NUMBER_OBJECT_CONVERSION = YES_AGGRESSIVE;
				CLANG_CXX_LANGUAGE_STANDARD = "gnu++20";
				CLANG_ENABLE_MODULES = YES;
				CLANG_ENABLE_OBJC_ARC = YES;
				CLANG_ENABLE_OBJC_WEAK = YES;
				CLANG_WARN_BLOCK_CAPTURE_AUTORELEASING = YES;
				CLANG_WARN_BOOL_CONVERSION = YES;
				CLANG_WARN_COMMA = YES;
				CLANG_WARN_CONSTANT_CONVERSION = YES;
				CLANG_WARN_DEPRECATED_OBJC_IMPLEMENTATIONS = YES;
				CLANG_WARN_DIRECT_OBJC_ISA_USAGE = YES_ERROR;
				CLANG_WARN_DOCUMENTATION_COMMENTS = YES;
				CLANG_WARN_EMPTY_BODY = YES;
				CLANG_WARN_ENUM_CONVERSION = YES;
				CLANG_WARN_INFINITE_RECURSION = YES;
				CLANG_WARN_INT_CONVERSION = YES;
				CLANG_WARN_NON_LITERAL_NULL_CONVERSION = YES;
				CLANG_WARN_OBJC_IMPLICIT_RETAIN_SELF = YES;
				CLANG_WARN_OBJC_LITERAL_CONVERSION = YES;
				CLANG_WARN_OBJC_ROOT_CLASS = YES_ERROR;
				CLANG_WARN_QUOTED_INCLUDE_IN_FRAMEWORK_HEADER = YES;
				CLANG_WARN_RANGE_LOOP_ANALYSIS = YES;
				CLANG_WARN_STRICT_PROTOTYPES = YES;
				CLANG_WARN_SUSPICIOUS_MOVE = YES;
				CLANG_WARN_UNGUARDED_AVAILABILITY = YES_AGGRESSIVE;
				CLANG_WARN_UNREACHABLE_CODE = YES;
				CLANG_WARN__DUPLICATE_METHOD_MATCH = YES;
				COPY_PHASE_STRIP = NO;
				DEBUG_INFORMATION_FORMAT = dwarf;
				ENABLE_STRICT_OBJC_MSGSEND = YES;
				ENABLE_TESTABILITY = YES;
				GCC_C_LANGUAGE_STANDARD = gnu11;
				GCC_DYNAMIC_NO_PIC = NO;
				GCC_NO_COMMON_BLOCKS = YES;
				GCC_OPTIMIZATION_LEVEL = 0;
				GCC_PREPROCESSOR_DEFINITIONS = (
					"DEBUG=1",
					"$(inherited)",
				);
				GCC_WARN_64_TO_32_BIT_CONVERSION = YES;
				GCC_WARN_ABOUT_RETURN_TYPE = YES_ERROR;
				GCC_WARN_UNDECLARED_SELECTOR = YES;
				GCC_WARN_UNINITIALIZED_AUTOS = YES_AGGRESSIVE;
				GCC_WARN_UNUSED_FUNCTION = YES;
				GCC_WARN_UNUSED_VARIABLE = YES;
				IPHONEOS_DEPLOYMENT_TARGET = 16.2;
				MTL_ENABLE_DEBUG_INFO = INCLUDE_SOURCE;
				MTL_FAST_MATH = YES;
				ONLY_ACTIVE_ARCH = YES;
				SDKROOT = iphoneos;
				SWIFT_ACTIVE_COMPILATION_CONDITIONS = DEBUG;
				SWIFT_OPTIMIZATION_LEVEL = "-Onone";
			};
			name = Debug;
		};
		53B8ED0929A6405800D06C16 /* Release */ = {
			isa = XCBuildConfiguration;
			buildSettings = {
				ALWAYS_SEARCH_USER_PATHS = NO;
				CLANG_ANALYZER_NONNULL = YES;
				CLANG_ANALYZER_NUMBER_OBJECT_CONVERSION = YES_AGGRESSIVE;
				CLANG_CXX_LANGUAGE_STANDARD = "gnu++20";
				CLANG_ENABLE_MODULES = YES;
				CLANG_ENABLE_OBJC_ARC = YES;
				CLANG_ENABLE_OBJC_WEAK = YES;
				CLANG_WARN_BLOCK_CAPTURE_AUTORELEASING = YES;
				CLANG_WARN_BOOL_CONVERSION = YES;
				CLANG_WARN_COMMA = YES;
				CLANG_WARN_CONSTANT_CONVERSION = YES;
				CLANG_WARN_DEPRECATED_OBJC_IMPLEMENTATIONS = YES;
				CLANG_WARN_DIRECT_OBJC_ISA_USAGE = YES_ERROR;
				CLANG_WARN_DOCUMENTATION_COMMENTS = YES;
				CLANG_WARN_EMPTY_BODY = YES;
				CLANG_WARN_ENUM_CONVERSION = YES;
				CLANG_WARN_INFINITE_RECURSION = YES;
				CLANG_WARN_INT_CONVERSION = YES;
				CLANG_WARN_NON_LITERAL_NULL_CONVERSION = YES;
				CLANG_WARN_OBJC_IMPLICIT_RETAIN_SELF = YES;
				CLANG_WARN_OBJC_LITERAL_CONVERSION = YES;
				CLANG_WARN_OBJC_ROOT_CLASS = YES_ERROR;
				CLANG_WARN_QUOTED_INCLUDE_IN_FRAMEWORK_HEADER = YES;
				CLANG_WARN_RANGE_LOOP_ANALYSIS = YES;
				CLANG_WARN_STRICT_PROTOTYPES = YES;
				CLANG_WARN_SUSPICIOUS_MOVE = YES;
				CLANG_WARN_UNGUARDED_AVAILABILITY = YES_AGGRESSIVE;
				CLANG_WARN_UNREACHABLE_CODE = YES;
				CLANG_WARN__DUPLICATE_METHOD_MATCH = YES;
				COPY_PHASE_STRIP = NO;
				DEBUG_INFORMATION_FORMAT = "dwarf-with-dsym";
				ENABLE_NS_ASSERTIONS = NO;
				ENABLE_STRICT_OBJC_MSGSEND = YES;
				GCC_C_LANGUAGE_STANDARD = gnu11;
				GCC_NO_COMMON_BLOCKS = YES;
				GCC_WARN_64_TO_32_BIT_CONVERSION = YES;
				GCC_WARN_ABOUT_RETURN_TYPE = YES_ERROR;
				GCC_WARN_UNDECLARED_SELECTOR = YES;
				GCC_WARN_UNINITIALIZED_AUTOS = YES_AGGRESSIVE;
				GCC_WARN_UNUSED_FUNCTION = YES;
				GCC_WARN_UNUSED_VARIABLE = YES;
				IPHONEOS_DEPLOYMENT_TARGET = 16.2;
				MTL_ENABLE_DEBUG_INFO = NO;
				MTL_FAST_MATH = YES;
				SDKROOT = iphoneos;
				SWIFT_COMPILATION_MODE = wholemodule;
				SWIFT_OPTIMIZATION_LEVEL = "-O";
				VALIDATE_PRODUCT = YES;
			};
			name = Release;
		};
		53B8ED0B29A6405800D06C16 /* Debug */ = {
			isa = XCBuildConfiguration;
			buildSettings = {
				ASSETCATALOG_COMPILER_APPICON_NAME = AppIcon;
				ASSETCATALOG_COMPILER_GLOBAL_ACCENT_COLOR_NAME = AccentColor;
				CODE_SIGN_STYLE = Automatic;
				CURRENT_PROJECT_VERSION = 1;
				GENERATE_INFOPLIST_FILE = YES;
				INFOPLIST_FILE = ToDoListAssel/Info.plist;
				INFOPLIST_KEY_UIApplicationSupportsIndirectInputEvents = YES;
				INFOPLIST_KEY_UILaunchStoryboardName = LaunchScreen;
				INFOPLIST_KEY_UIMainStoryboardFile = Main;
				INFOPLIST_KEY_UISupportedInterfaceOrientations = UIInterfaceOrientationPortraitUpsideDown;
				INFOPLIST_KEY_UISupportedInterfaceOrientations_iPad = "UIInterfaceOrientationLandscapeLeft UIInterfaceOrientationLandscapeRight UIInterfaceOrientationPortrait UIInterfaceOrientationPortraitUpsideDown";
				LD_RUNPATH_SEARCH_PATHS = (
					"$(inherited)",
					"@executable_path/Frameworks",
				);
				MARKETING_VERSION = 1.0;
				PRODUCT_BUNDLE_IDENTIFIER = kz.AsselKaliyeva.ToDoListAssel;
				PRODUCT_NAME = "$(TARGET_NAME)";
				SUPPORTED_PLATFORMS = "iphoneos iphonesimulator";
				SUPPORTS_MACCATALYST = NO;
				SUPPORTS_MAC_DESIGNED_FOR_IPHONE_IPAD = NO;
				SWIFT_EMIT_LOC_STRINGS = YES;
				SWIFT_VERSION = 5.0;
				TARGETED_DEVICE_FAMILY = 1;
			};
			name = Debug;
		};
		53B8ED0C29A6405800D06C16 /* Release */ = {
			isa = XCBuildConfiguration;
			buildSettings = {
				ASSETCATALOG_COMPILER_APPICON_NAME = AppIcon;
				ASSETCATALOG_COMPILER_GLOBAL_ACCENT_COLOR_NAME = AccentColor;
				CODE_SIGN_STYLE = Automatic;
				CURRENT_PROJECT_VERSION = 1;
				GENERATE_INFOPLIST_FILE = YES;
				INFOPLIST_FILE = ToDoListAssel/Info.plist;
				INFOPLIST_KEY_UIApplicationSupportsIndirectInputEvents = YES;
				INFOPLIST_KEY_UILaunchStoryboardName = LaunchScreen;
				INFOPLIST_KEY_UIMainStoryboardFile = Main;
				INFOPLIST_KEY_UISupportedInterfaceOrientations = UIInterfaceOrientationPortraitUpsideDown;
				INFOPLIST_KEY_UISupportedInterfaceOrientations_iPad = "UIInterfaceOrientationLandscapeLeft UIInterfaceOrientationLandscapeRight UIInterfaceOrientationPortrait UIInterfaceOrientationPortraitUpsideDown";
				LD_RUNPATH_SEARCH_PATHS = (
					"$(inherited)",
					"@executable_path/Frameworks",
				);
				MARKETING_VERSION = 1.0;
				PRODUCT_BUNDLE_IDENTIFIER = kz.AsselKaliyeva.ToDoListAssel;
				PRODUCT_NAME = "$(TARGET_NAME)";
				SUPPORTED_PLATFORMS = "iphoneos iphonesimulator";
				SUPPORTS_MACCATALYST = NO;
				SUPPORTS_MAC_DESIGNED_FOR_IPHONE_IPAD = NO;
				SWIFT_EMIT_LOC_STRINGS = YES;
				SWIFT_VERSION = 5.0;
				TARGETED_DEVICE_FAMILY = 1;
			};
			name = Release;
		};
		53B8ED0E29A6405800D06C16 /* Debug */ = {
			isa = XCBuildConfiguration;
			buildSettings = {
				ALWAYS_EMBED_SWIFT_STANDARD_LIBRARIES = YES;
				BUNDLE_LOADER = "$(TEST_HOST)";
				CODE_SIGN_STYLE = Automatic;
				CURRENT_PROJECT_VERSION = 1;
				GENERATE_INFOPLIST_FILE = YES;
				IPHONEOS_DEPLOYMENT_TARGET = 16.2;
				MARKETING_VERSION = 1.0;
				PRODUCT_BUNDLE_IDENTIFIER = kz.AsselKaliyeva.ToDoListAsselTests;
				PRODUCT_NAME = "$(TARGET_NAME)";
				SWIFT_EMIT_LOC_STRINGS = NO;
				SWIFT_VERSION = 5.0;
				TARGETED_DEVICE_FAMILY = "1,2";
				TEST_HOST = "$(BUILT_PRODUCTS_DIR)/ToDoListAssel.app/$(BUNDLE_EXECUTABLE_FOLDER_PATH)/ToDoListAssel";
			};
			name = Debug;
		};
		53B8ED0F29A6405800D06C16 /* Release */ = {
			isa = XCBuildConfiguration;
			buildSettings = {
				ALWAYS_EMBED_SWIFT_STANDARD_LIBRARIES = YES;
				BUNDLE_LOADER = "$(TEST_HOST)";
				CODE_SIGN_STYLE = Automatic;
				CURRENT_PROJECT_VERSION = 1;
				GENERATE_INFOPLIST_FILE = YES;
				IPHONEOS_DEPLOYMENT_TARGET = 16.2;
				MARKETING_VERSION = 1.0;
				PRODUCT_BUNDLE_IDENTIFIER = kz.AsselKaliyeva.ToDoListAsselTests;
				PRODUCT_NAME = "$(TARGET_NAME)";
				SWIFT_EMIT_LOC_STRINGS = NO;
				SWIFT_VERSION = 5.0;
				TARGETED_DEVICE_FAMILY = "1,2";
				TEST_HOST = "$(BUILT_PRODUCTS_DIR)/ToDoListAssel.app/$(BUNDLE_EXECUTABLE_FOLDER_PATH)/ToDoListAssel";
			};
			name = Release;
		};
		53B8ED1129A6405800D06C16 /* Debug */ = {
			isa = XCBuildConfiguration;
			buildSettings = {
				ALWAYS_EMBED_SWIFT_STANDARD_LIBRARIES = YES;
				CODE_SIGN_STYLE = Automatic;
				CURRENT_PROJECT_VERSION = 1;
				GENERATE_INFOPLIST_FILE = YES;
				MARKETING_VERSION = 1.0;
				PRODUCT_BUNDLE_IDENTIFIER = kz.AsselKaliyeva.ToDoListAsselUITests;
				PRODUCT_NAME = "$(TARGET_NAME)";
				SWIFT_EMIT_LOC_STRINGS = NO;
				SWIFT_VERSION = 5.0;
				TARGETED_DEVICE_FAMILY = "1,2";
				TEST_TARGET_NAME = ToDoListAssel;
			};
			name = Debug;
		};
		53B8ED1229A6405800D06C16 /* Release */ = {
			isa = XCBuildConfiguration;
			buildSettings = {
				ALWAYS_EMBED_SWIFT_STANDARD_LIBRARIES = YES;
				CODE_SIGN_STYLE = Automatic;
				CURRENT_PROJECT_VERSION = 1;
				GENERATE_INFOPLIST_FILE = YES;
				MARKETING_VERSION = 1.0;
				PRODUCT_BUNDLE_IDENTIFIER = kz.AsselKaliyeva.ToDoListAsselUITests;
				PRODUCT_NAME = "$(TARGET_NAME)";
				SWIFT_EMIT_LOC_STRINGS = NO;
				SWIFT_VERSION = 5.0;
				TARGETED_DEVICE_FAMILY = "1,2";
				TEST_TARGET_NAME = ToDoListAssel;
			};
			name = Release;
		};
/* End XCBuildConfiguration section */

/* Begin XCConfigurationList section */
		53B8ECDB29A6405700D06C16 /* Build configuration list for PBXProject "ToDoListAssel" */ = {
			isa = XCConfigurationList;
			buildConfigurations = (
				53B8ED0829A6405800D06C16 /* Debug */,
				53B8ED0929A6405800D06C16 /* Release */,
			);
			defaultConfigurationIsVisible = 0;
			defaultConfigurationName = Release;
		};
		53B8ED0A29A6405800D06C16 /* Build configuration list for PBXNativeTarget "ToDoListAssel" */ = {
			isa = XCConfigurationList;
			buildConfigurations = (
				53B8ED0B29A6405800D06C16 /* Debug */,
				53B8ED0C29A6405800D06C16 /* Release */,
			);
			defaultConfigurationIsVisible = 0;
			defaultConfigurationName = Release;
		};
		53B8ED0D29A6405800D06C16 /* Build configuration list for PBXNativeTarget "ToDoListAsselTests" */ = {
			isa = XCConfigurationList;
			buildConfigurations = (
				53B8ED0E29A6405800D06C16 /* Debug */,
				53B8ED0F29A6405800D06C16 /* Release */,
			);
			defaultConfigurationIsVisible = 0;
			defaultConfigurationName = Release;
		};
		53B8ED1029A6405800D06C16 /* Build configuration list for PBXNativeTarget "ToDoListAsselUITests" */ = {
			isa = XCConfigurationList;
			buildConfigurations = (
				53B8ED1129A6405800D06C16 /* Debug */,
				53B8ED1229A6405800D06C16 /* Release */,
			);
			defaultConfigurationIsVisible = 0;
			defaultConfigurationName = Release;
		};
/* End XCConfigurationList section */
	};
	rootObject = 53B8ECD829A6405700D06C16 /* Project object */;
}
